
Microsoft Visual Studio Solution File, Format Version 12.00
# Visual Studio Version 16
VisualStudioVersion = 16.0.29709.97
MinimumVisualStudioVersion = 10.0.40219.1
Project("{2150E333-8FDC-42A3-9474-1A3956D46DE8}") = "ProofEditor", "ProofEditor", "{A11BEAA9-85D4-484B-9CAB-2ABF00DF5A4F}"
EndProject
Project("{2150E333-8FDC-42A3-9474-1A3956D46DE8}") = "Engine", "Engine", "{26606DB2-4232-4A23-84F6-B30DE36E9976}"
EndProject
Project("{2150E333-8FDC-42A3-9474-1A3956D46DE8}") = "Fonter", "Fonter", "{A210D241-447F-475B-A2F4-C6A1BC0E4087}"
EndProject
Project("{2150E333-8FDC-42A3-9474-1A3956D46DE8}") = "Solution Items", "Solution Items", "{65A83B2A-0EE4-4429-994D-1FD589A122AD}"
	ProjectSection(SolutionItems) = preProject
		CommonIDs.h = CommonIDs.h
		Params.h = Params.h
	EndProjectSection
EndProject
Project("{8BC9CEB8-8B4A-11D0-8D11-00A0C91BC942}") = "Engine", "Engine\Engine\Engine.vcxproj", "{592F2AAA-8900-4B67-9D87-793C95E2A649}"
EndProject
Project("{8BC9CEB8-8B4A-11D0-8D11-00A0C91BC942}") = "ProofEditor", "ProofEditor\ProofEditor\ProofEditor.vcxproj", "{E1DB165E-921A-41BC-A2A9-B2CA8808A2B3}"
EndProject
Project("{930C7802-8A8C-48F9-8165-68863BCCD9DD}") = "Installer", "ProofEditor\Installer\Installer.wixproj", "{7945B163-B317-408D-957C-6BAF191A6958}"
	ProjectSection(ProjectDependencies) = postProject
		{9BED6045-AD57-4631-9DEE-50EEB3B35822} = {9BED6045-AD57-4631-9DEE-50EEB3B35822}
		{E1DB165E-921A-41BC-A2A9-B2CA8808A2B3} = {E1DB165E-921A-41BC-A2A9-B2CA8808A2B3}
		{D25D4E68-309C-444F-BD7A-255BA734E398} = {D25D4E68-309C-444F-BD7A-255BA734E398}
		{3BFC97B8-45B3-417E-AE72-37BA0CF83AAF} = {3BFC97B8-45B3-417E-AE72-37BA0CF83AAF}
		{2AC3E0DD-3CE6-48FC-92F2-D56F944F1836} = {2AC3E0DD-3CE6-48FC-92F2-D56F944F1836}
	EndProjectSection
EndProject
Project("{8BC9CEB8-8B4A-11D0-8D11-00A0C91BC942}") = "Res-kn_IN", "ProofEditor\Lang\Res-kn_IN\Res-kn_IN.vcxproj", "{2AC3E0DD-3CE6-48FC-92F2-D56F944F1836}"
EndProject
Project("{8BC9CEB8-8B4A-11D0-8D11-00A0C91BC942}") = "Res-en_US", "ProofEditor\Lang\Res-en_US\Res-en_US.vcxproj", "{3BFC97B8-45B3-417E-AE72-37BA0CF83AAF}"
EndProject
Project("{8BC9CEB8-8B4A-11D0-8D11-00A0C91BC942}") = "Res-hi_In", "ProofEditor\Lang\Res-hi_IN\Res-hi_IN.vcxproj", "{D25D4E68-309C-444F-BD7A-255BA734E398}"
EndProject
Project("{8BC9CEB8-8B4A-11D0-8D11-00A0C91BC942}") = "Res-ne_NP", "ProofEditor\Lang\Res-ne_NP\Res-ne_NP.vcxproj", "{9BED6045-AD57-4631-9DEE-50EEB3B35822}"
EndProject
Project("{8BC9CEB8-8B4A-11D0-8D11-00A0C91BC942}") = "Fonter", "Fonter\Fonter.vcxproj", "{F3FCB702-1E63-4E7C-9F3E-A5D11E986FF8}"
EndProject
Project("{930C7802-8A8C-48F9-8165-68863BCCD9DD}") = "Installer", "Engine\Installer\Installer.wixproj", "{007B0D76-EA1D-4D75-A55C-225635C7F7F8}"
	ProjectSection(ProjectDependencies) = postProject
		{68D02427-E3FF-45F6-96E0-6BB4CE81C365} = {68D02427-E3FF-45F6-96E0-6BB4CE81C365}
		{4DBC792A-5206-4C7C-AF9B-AE4EF75B4D30} = {4DBC792A-5206-4C7C-AF9B-AE4EF75B4D30}
		{1C1D682F-A374-4C56-8E91-8E21BA9785D8} = {1C1D682F-A374-4C56-8E91-8E21BA9785D8}
		{AF81A29C-73F2-4027-AA8C-412B1BF1F0B0} = {AF81A29C-73F2-4027-AA8C-412B1BF1F0B0}
		{592F2AAA-8900-4B67-9D87-793C95E2A649} = {592F2AAA-8900-4B67-9D87-793C95E2A649}
	EndProjectSection
EndProject
Project("{8BC9CEB8-8B4A-11D0-8D11-00A0C91BC942}") = "Res-en_US", "Engine\Lang\Res-en_US\Res-en_US.vcxproj", "{68D02427-E3FF-45F6-96E0-6BB4CE81C365}"
EndProject
Project("{8BC9CEB8-8B4A-11D0-8D11-00A0C91BC942}") = "Res-kn_IN", "Engine\Lang\Res-kn_IN\Res-kn_IN.vcxproj", "{1C1D682F-A374-4C56-8E91-8E21BA9785D8}"
EndProject
Project("{8BC9CEB8-8B4A-11D0-8D11-00A0C91BC942}") = "Res-hi_IN", "Engine\Lang\Res-hi_In\Res-hi_In.vcxproj", "{AF81A29C-73F2-4027-AA8C-412B1BF1F0B0}"
EndProject
Project("{8BC9CEB8-8B4A-11D0-8D11-00A0C91BC942}") = "Res-ne_NP", "Engine\Lang\Res-ne_NP\Res-ne_NP.vcxproj", "{4DBC792A-5206-4C7C-AF9B-AE4EF75B4D30}"
EndProject
Project("{2150E333-8FDC-42A3-9474-1A3956D46DE8}") = "Lang", "Lang", "{84D3FB86-3420-473D-8DEE-419AF7BB32F4}"
EndProject
Project("{2150E333-8FDC-42A3-9474-1A3956D46DE8}") = "Lang", "Lang", "{CE281171-5F71-4309-82ED-9491A1190FD4}"
EndProject
Global
	GlobalSection(SolutionConfigurationPlatforms) = preSolution
		Debug|Mixed Platforms = Debug|Mixed Platforms
		Debug|x64 = Debug|x64
		Debug|x86 = Debug|x86
		Release|Mixed Platforms = Release|Mixed Platforms
		Release|x64 = Release|x64
		Release|x86 = Release|x86
	EndGlobalSection
	GlobalSection(ProjectConfigurationPlatforms) = postSolution
		{592F2AAA-8900-4B67-9D87-793C95E2A649}.Debug|Mixed Platforms.ActiveCfg = Debug|x64
		{592F2AAA-8900-4B67-9D87-793C95E2A649}.Debug|Mixed Platforms.Build.0 = Debug|x64
		{592F2AAA-8900-4B67-9D87-793C95E2A649}.Debug|x64.ActiveCfg = Debug|x64
		{592F2AAA-8900-4B67-9D87-793C95E2A649}.Debug|x64.Build.0 = Debug|x64
		{592F2AAA-8900-4B67-9D87-793C95E2A649}.Debug|x86.ActiveCfg = Debug|Win32
		{592F2AAA-8900-4B67-9D87-793C95E2A649}.Debug|x86.Build.0 = Debug|Win32
		{592F2AAA-8900-4B67-9D87-793C95E2A649}.Release|Mixed Platforms.ActiveCfg = Release|x64
		{592F2AAA-8900-4B67-9D87-793C95E2A649}.Release|Mixed Platforms.Build.0 = Release|x64
		{592F2AAA-8900-4B67-9D87-793C95E2A649}.Release|x64.ActiveCfg = Release|x64
		{592F2AAA-8900-4B67-9D87-793C95E2A649}.Release|x64.Build.0 = Release|x64
		{592F2AAA-8900-4B67-9D87-793C95E2A649}.Release|x86.ActiveCfg = Release|Win32
		{592F2AAA-8900-4B67-9D87-793C95E2A649}.Release|x86.Build.0 = Release|Win32
		{E1DB165E-921A-41BC-A2A9-B2CA8808A2B3}.Debug|Mixed Platforms.ActiveCfg = Debug|x64
		{E1DB165E-921A-41BC-A2A9-B2CA8808A2B3}.Debug|Mixed Platforms.Build.0 = Debug|x64
		{E1DB165E-921A-41BC-A2A9-B2CA8808A2B3}.Debug|x64.ActiveCfg = Debug|x64
		{E1DB165E-921A-41BC-A2A9-B2CA8808A2B3}.Debug|x64.Build.0 = Debug|x64
		{E1DB165E-921A-41BC-A2A9-B2CA8808A2B3}.Debug|x86.ActiveCfg = Debug|Win32
		{E1DB165E-921A-41BC-A2A9-B2CA8808A2B3}.Debug|x86.Build.0 = Debug|Win32
		{E1DB165E-921A-41BC-A2A9-B2CA8808A2B3}.Release|Mixed Platforms.ActiveCfg = Release|x64
		{E1DB165E-921A-41BC-A2A9-B2CA8808A2B3}.Release|Mixed Platforms.Build.0 = Release|x64
		{E1DB165E-921A-41BC-A2A9-B2CA8808A2B3}.Release|x64.ActiveCfg = Release|x64
		{E1DB165E-921A-41BC-A2A9-B2CA8808A2B3}.Release|x64.Build.0 = Release|x64
		{E1DB165E-921A-41BC-A2A9-B2CA8808A2B3}.Release|x86.ActiveCfg = Release|Win32
		{E1DB165E-921A-41BC-A2A9-B2CA8808A2B3}.Release|x86.Build.0 = Release|Win32
		{7945B163-B317-408D-957C-6BAF191A6958}.Debug|Mixed Platforms.ActiveCfg = Debug|x64
		{7945B163-B317-408D-957C-6BAF191A6958}.Debug|Mixed Platforms.Build.0 = Debug|x64
		{7945B163-B317-408D-957C-6BAF191A6958}.Debug|x64.ActiveCfg = Debug|x64
		{7945B163-B317-408D-957C-6BAF191A6958}.Debug|x64.Build.0 = Debug|x64
		{7945B163-B317-408D-957C-6BAF191A6958}.Debug|x86.ActiveCfg = Debug|x86
		{7945B163-B317-408D-957C-6BAF191A6958}.Debug|x86.Build.0 = Debug|x86
		{7945B163-B317-408D-957C-6BAF191A6958}.Release|Mixed Platforms.ActiveCfg = Release|x64
		{7945B163-B317-408D-957C-6BAF191A6958}.Release|Mixed Platforms.Build.0 = Release|x64
		{7945B163-B317-408D-957C-6BAF191A6958}.Release|x64.ActiveCfg = Release|x64
		{7945B163-B317-408D-957C-6BAF191A6958}.Release|x64.Build.0 = Release|x64
		{7945B163-B317-408D-957C-6BAF191A6958}.Release|x86.ActiveCfg = Release|x86
		{7945B163-B317-408D-957C-6BAF191A6958}.Release|x86.Build.0 = Release|x86
		{2AC3E0DD-3CE6-48FC-92F2-D56F944F1836}.Debug|Mixed Platforms.ActiveCfg = Debug|x64
		{2AC3E0DD-3CE6-48FC-92F2-D56F944F1836}.Debug|Mixed Platforms.Build.0 = Debug|x64
		{2AC3E0DD-3CE6-48FC-92F2-D56F944F1836}.Debug|x64.ActiveCfg = Debug|x64
		{2AC3E0DD-3CE6-48FC-92F2-D56F944F1836}.Debug|x64.Build.0 = Debug|x64
		{2AC3E0DD-3CE6-48FC-92F2-D56F944F1836}.Debug|x86.ActiveCfg = Debug|Win32
		{2AC3E0DD-3CE6-48FC-92F2-D56F944F1836}.Debug|x86.Build.0 = Debug|Win32
		{2AC3E0DD-3CE6-48FC-92F2-D56F944F1836}.Release|Mixed Platforms.ActiveCfg = Release|x64
		{2AC3E0DD-3CE6-48FC-92F2-D56F944F1836}.Release|Mixed Platforms.Build.0 = Release|x64
		{2AC3E0DD-3CE6-48FC-92F2-D56F944F1836}.Release|x64.ActiveCfg = Release|x64
		{2AC3E0DD-3CE6-48FC-92F2-D56F944F1836}.Release|x64.Build.0 = Release|x64
		{2AC3E0DD-3CE6-48FC-92F2-D56F944F1836}.Release|x86.ActiveCfg = Release|Win32
		{2AC3E0DD-3CE6-48FC-92F2-D56F944F1836}.Release|x86.Build.0 = Release|Win32
		{3BFC97B8-45B3-417E-AE72-37BA0CF83AAF}.Debug|Mixed Platforms.ActiveCfg = Debug|x64
		{3BFC97B8-45B3-417E-AE72-37BA0CF83AAF}.Debug|Mixed Platforms.Build.0 = Debug|x64
		{3BFC97B8-45B3-417E-AE72-37BA0CF83AAF}.Debug|x64.ActiveCfg = Debug|x64
		{3BFC97B8-45B3-417E-AE72-37BA0CF83AAF}.Debug|x64.Build.0 = Debug|x64
		{3BFC97B8-45B3-417E-AE72-37BA0CF83AAF}.Debug|x86.ActiveCfg = Debug|Win32
		{3BFC97B8-45B3-417E-AE72-37BA0CF83AAF}.Debug|x86.Build.0 = Debug|Win32
		{3BFC97B8-45B3-417E-AE72-37BA0CF83AAF}.Release|Mixed Platforms.ActiveCfg = Release|x64
		{3BFC97B8-45B3-417E-AE72-37BA0CF83AAF}.Release|Mixed Platforms.Build.0 = Release|x64
		{3BFC97B8-45B3-417E-AE72-37BA0CF83AAF}.Release|x64.ActiveCfg = Release|x64
		{3BFC97B8-45B3-417E-AE72-37BA0CF83AAF}.Release|x64.Build.0 = Release|x64
		{3BFC97B8-45B3-417E-AE72-37BA0CF83AAF}.Release|x86.ActiveCfg = Release|Win32
		{3BFC97B8-45B3-417E-AE72-37BA0CF83AAF}.Release|x86.Build.0 = Release|Win32
		{D25D4E68-309C-444F-BD7A-255BA734E398}.Debug|Mixed Platforms.ActiveCfg = Debug|x64
		{D25D4E68-309C-444F-BD7A-255BA734E398}.Debug|Mixed Platforms.Build.0 = Debug|x64
		{D25D4E68-309C-444F-BD7A-255BA734E398}.Debug|x64.ActiveCfg = Debug|x64
		{D25D4E68-309C-444F-BD7A-255BA734E398}.Debug|x64.Build.0 = Debug|x64
		{D25D4E68-309C-444F-BD7A-255BA734E398}.Debug|x86.ActiveCfg = Debug|Win32
		{D25D4E68-309C-444F-BD7A-255BA734E398}.Debug|x86.Build.0 = Debug|Win32
		{D25D4E68-309C-444F-BD7A-255BA734E398}.Release|Mixed Platforms.ActiveCfg = Release|x64
		{D25D4E68-309C-444F-BD7A-255BA734E398}.Release|Mixed Platforms.Build.0 = Release|x64
		{D25D4E68-309C-444F-BD7A-255BA734E398}.Release|x64.ActiveCfg = Release|x64
		{D25D4E68-309C-444F-BD7A-255BA734E398}.Release|x64.Build.0 = Release|x64
		{D25D4E68-309C-444F-BD7A-255BA734E398}.Release|x86.ActiveCfg = Release|Win32
		{D25D4E68-309C-444F-BD7A-255BA734E398}.Release|x86.Build.0 = Release|Win32
		{9BED6045-AD57-4631-9DEE-50EEB3B35822}.Debug|Mixed Platforms.ActiveCfg = Debug|x64
		{9BED6045-AD57-4631-9DEE-50EEB3B35822}.Debug|Mixed Platforms.Build.0 = Debug|x64
		{9BED6045-AD57-4631-9DEE-50EEB3B35822}.Debug|x64.ActiveCfg = Debug|x64
		{9BED6045-AD57-4631-9DEE-50EEB3B35822}.Debug|x64.Build.0 = Debug|x64
		{9BED6045-AD57-4631-9DEE-50EEB3B35822}.Debug|x86.ActiveCfg = Debug|Win32
		{9BED6045-AD57-4631-9DEE-50EEB3B35822}.Debug|x86.Build.0 = Debug|Win32
		{9BED6045-AD57-4631-9DEE-50EEB3B35822}.Release|Mixed Platforms.ActiveCfg = Release|x64
		{9BED6045-AD57-4631-9DEE-50EEB3B35822}.Release|Mixed Platforms.Build.0 = Release|x64
		{9BED6045-AD57-4631-9DEE-50EEB3B35822}.Release|x64.ActiveCfg = Release|x64
		{9BED6045-AD57-4631-9DEE-50EEB3B35822}.Release|x64.Build.0 = Release|x64
		{9BED6045-AD57-4631-9DEE-50EEB3B35822}.Release|x86.ActiveCfg = Release|Win32
		{9BED6045-AD57-4631-9DEE-50EEB3B35822}.Release|x86.Build.0 = Release|Win32
		{F3FCB702-1E63-4E7C-9F3E-A5D11E986FF8}.Debug|Mixed Platforms.ActiveCfg = Debug|Win32
		{F3FCB702-1E63-4E7C-9F3E-A5D11E986FF8}.Debug|Mixed Platforms.Build.0 = Debug|Win32
		{F3FCB702-1E63-4E7C-9F3E-A5D11E986FF8}.Debug|x64.ActiveCfg = Debug|x64
		{F3FCB702-1E63-4E7C-9F3E-A5D11E986FF8}.Debug|x64.Build.0 = Debug|x64
		{F3FCB702-1E63-4E7C-9F3E-A5D11E986FF8}.Debug|x86.ActiveCfg = Debug|Win32
		{F3FCB702-1E63-4E7C-9F3E-A5D11E986FF8}.Debug|x86.Build.0 = Debug|Win32
		{F3FCB702-1E63-4E7C-9F3E-A5D11E986FF8}.Release|Mixed Platforms.ActiveCfg = Release|x64
		{F3FCB702-1E63-4E7C-9F3E-A5D11E986FF8}.Release|Mixed Platforms.Build.0 = Release|x64
		{F3FCB702-1E63-4E7C-9F3E-A5D11E986FF8}.Release|x64.ActiveCfg = Release|x64
		{F3FCB702-1E63-4E7C-9F3E-A5D11E986FF8}.Release|x64.Build.0 = Release|x64
		{F3FCB702-1E63-4E7C-9F3E-A5D11E986FF8}.Release|x86.ActiveCfg = Release|Win32
		{F3FCB702-1E63-4E7C-9F3E-A5D11E986FF8}.Release|x86.Build.0 = Release|Win32
		{007B0D76-EA1D-4D75-A55C-225635C7F7F8}.Debug|Mixed Platforms.ActiveCfg = Debug|x64
		{007B0D76-EA1D-4D75-A55C-225635C7F7F8}.Debug|Mixed Platforms.Build.0 = Debug|x64
		{007B0D76-EA1D-4D75-A55C-225635C7F7F8}.Debug|x64.ActiveCfg = Debug|x64
		{007B0D76-EA1D-4D75-A55C-225635C7F7F8}.Debug|x64.Build.0 = Debug|x64
		{007B0D76-EA1D-4D75-A55C-225635C7F7F8}.Debug|x86.ActiveCfg = Debug|x86
		{007B0D76-EA1D-4D75-A55C-225635C7F7F8}.Debug|x86.Build.0 = Debug|x86
		{007B0D76-EA1D-4D75-A55C-225635C7F7F8}.Release|Mixed Platforms.ActiveCfg = Release|x64
		{007B0D76-EA1D-4D75-A55C-225635C7F7F8}.Release|Mixed Platforms.Build.0 = Release|x64
		{007B0D76-EA1D-4D75-A55C-225635C7F7F8}.Release|x64.ActiveCfg = Release|x64
		{007B0D76-EA1D-4D75-A55C-225635C7F7F8}.Release|x64.Build.0 = Release|x64
		{007B0D76-EA1D-4D75-A55C-225635C7F7F8}.Release|x86.ActiveCfg = Release|x86
		{007B0D76-EA1D-4D75-A55C-225635C7F7F8}.Release|x86.Build.0 = Release|x86
		{68D02427-E3FF-45F6-96E0-6BB4CE81C365}.Debug|Mixed Platforms.ActiveCfg = Debug|x64
		{68D02427-E3FF-45F6-96E0-6BB4CE81C365}.Debug|Mixed Platforms.Build.0 = Debug|x64
		{68D02427-E3FF-45F6-96E0-6BB4CE81C365}.Debug|x64.ActiveCfg = Debug|x64
		{68D02427-E3FF-45F6-96E0-6BB4CE81C365}.Debug|x64.Build.0 = Debug|x64
		{68D02427-E3FF-45F6-96E0-6BB4CE81C365}.Debug|x86.ActiveCfg = Debug|Win32
		{68D02427-E3FF-45F6-96E0-6BB4CE81C365}.Debug|x86.Build.0 = Debug|Win32
		{68D02427-E3FF-45F6-96E0-6BB4CE81C365}.Release|Mixed Platforms.ActiveCfg = Release|x64
		{68D02427-E3FF-45F6-96E0-6BB4CE81C365}.Release|Mixed Platforms.Build.0 = Release|x64
		{68D02427-E3FF-45F6-96E0-6BB4CE81C365}.Release|x64.ActiveCfg = Release|x64
		{68D02427-E3FF-45F6-96E0-6BB4CE81C365}.Release|x64.Build.0 = Release|x64
		{68D02427-E3FF-45F6-96E0-6BB4CE81C365}.Release|x86.ActiveCfg = Release|Win32
		{68D02427-E3FF-45F6-96E0-6BB4CE81C365}.Release|x86.Build.0 = Release|Win32
		{1C1D682F-A374-4C56-8E91-8E21BA9785D8}.Debug|Mixed Platforms.ActiveCfg = Debug|x64
		{1C1D682F-A374-4C56-8E91-8E21BA9785D8}.Debug|Mixed Platforms.Build.0 = Debug|x64
		{1C1D682F-A374-4C56-8E91-8E21BA9785D8}.Debug|x64.ActiveCfg = Debug|x64
		{1C1D682F-A374-4C56-8E91-8E21BA9785D8}.Debug|x64.Build.0 = Debug|x64
		{1C1D682F-A374-4C56-8E91-8E21BA9785D8}.Debug|x86.ActiveCfg = Debug|Win32
		{1C1D682F-A374-4C56-8E91-8E21BA9785D8}.Debug|x86.Build.0 = Debug|Win32
		{1C1D682F-A374-4C56-8E91-8E21BA9785D8}.Release|Mixed Platforms.ActiveCfg = Release|x64
		{1C1D682F-A374-4C56-8E91-8E21BA9785D8}.Release|Mixed Platforms.Build.0 = Release|x64
		{1C1D682F-A374-4C56-8E91-8E21BA9785D8}.Release|x64.ActiveCfg = Release|x64
		{1C1D682F-A374-4C56-8E91-8E21BA9785D8}.Release|x64.Build.0 = Release|x64
		{1C1D682F-A374-4C56-8E91-8E21BA9785D8}.Release|x86.ActiveCfg = Release|Win32
		{1C1D682F-A374-4C56-8E91-8E21BA9785D8}.Release|x86.Build.0 = Release|Win32
		{AF81A29C-73F2-4027-AA8C-412B1BF1F0B0}.Debug|Mixed Platforms.ActiveCfg = Debug|x64
		{AF81A29C-73F2-4027-AA8C-412B1BF1F0B0}.Debug|Mixed Platforms.Build.0 = Debug|x64
		{AF81A29C-73F2-4027-AA8C-412B1BF1F0B0}.Debug|x64.ActiveCfg = Debug|x64
		{AF81A29C-73F2-4027-AA8C-412B1BF1F0B0}.Debug|x64.Build.0 = Debug|x64
		{AF81A29C-73F2-4027-AA8C-412B1BF1F0B0}.Debug|x86.ActiveCfg = Debug|Win32
		{AF81A29C-73F2-4027-AA8C-412B1BF1F0B0}.Debug|x86.Build.0 = Debug|Win32
		{AF81A29C-73F2-4027-AA8C-412B1BF1F0B0}.Release|Mixed Platforms.ActiveCfg = Release|x64
		{AF81A29C-73F2-4027-AA8C-412B1BF1F0B0}.Release|Mixed Platforms.Build.0 = Release|x64
		{AF81A29C-73F2-4027-AA8C-412B1BF1F0B0}.Release|x64.ActiveCfg = Release|x64
		{AF81A29C-73F2-4027-AA8C-412B1BF1F0B0}.Release|x64.Build.0 = Release|x64
		{AF81A29C-73F2-4027-AA8C-412B1BF1F0B0}.Release|x86.ActiveCfg = Release|Win32
		{AF81A29C-73F2-4027-AA8C-412B1BF1F0B0}.Release|x86.Build.0 = Release|Win32
		{4DBC792A-5206-4C7C-AF9B-AE4EF75B4D30}.Debug|Mixed Platforms.ActiveCfg = Debug|x64
		{4DBC792A-5206-4C7C-AF9B-AE4EF75B4D30}.Debug|Mixed Platforms.Build.0 = Debug|x64
		{4DBC792A-5206-4C7C-AF9B-AE4EF75B4D30}.Debug|x64.ActiveCfg = Debug|x64
		{4DBC792A-5206-4C7C-AF9B-AE4EF75B4D30}.Debug|x64.Build.0 = Debug|x64
		{4DBC792A-5206-4C7C-AF9B-AE4EF75B4D30}.Debug|x86.ActiveCfg = Debug|Win32
		{4DBC792A-5206-4C7C-AF9B-AE4EF75B4D30}.Debug|x86.Build.0 = Debug|Win32
		{4DBC792A-5206-4C7C-AF9B-AE4EF75B4D30}.Release|Mixed Platforms.ActiveCfg = Release|x64
		{4DBC792A-5206-4C7C-AF9B-AE4EF75B4D30}.Release|Mixed Platforms.Build.0 = Release|x64
		{4DBC792A-5206-4C7C-AF9B-AE4EF75B4D30}.Release|x64.ActiveCfg = Release|x64
		{4DBC792A-5206-4C7C-AF9B-AE4EF75B4D30}.Release|x64.Build.0 = Release|x64
		{4DBC792A-5206-4C7C-AF9B-AE4EF75B4D30}.Release|x86.ActiveCfg = Release|Win32
		{4DBC792A-5206-4C7C-AF9B-AE4EF75B4D30}.Release|x86.Build.0 = Release|Win32
	EndGlobalSection
	GlobalSection(SolutionProperties) = preSolution
		HideSolutionNode = FALSE
	EndGlobalSection
	GlobalSection(NestedProjects) = preSolution
		{592F2AAA-8900-4B67-9D87-793C95E2A649} = {26606DB2-4232-4A23-84F6-B30DE36E9976}
		{E1DB165E-921A-41BC-A2A9-B2CA8808A2B3} = {A11BEAA9-85D4-484B-9CAB-2ABF00DF5A4F}
		{7945B163-B317-408D-957C-6BAF191A6958} = {A11BEAA9-85D4-484B-9CAB-2ABF00DF5A4F}
		{2AC3E0DD-3CE6-48FC-92F2-D56F944F1836} = {CE281171-5F71-4309-82ED-9491A1190FD4}
		{3BFC97B8-45B3-417E-AE72-37BA0CF83AAF} = {CE281171-5F71-4309-82ED-9491A1190FD4}
		{D25D4E68-309C-444F-BD7A-255BA734E398} = {CE281171-5F71-4309-82ED-9491A1190FD4}
		{9BED6045-AD57-4631-9DEE-50EEB3B35822} = {CE281171-5F71-4309-82ED-9491A1190FD4}
		{F3FCB702-1E63-4E7C-9F3E-A5D11E986FF8} = {A210D241-447F-475B-A2F4-C6A1BC0E4087}
		{007B0D76-EA1D-4D75-A55C-225635C7F7F8} = {26606DB2-4232-4A23-84F6-B30DE36E9976}
		{68D02427-E3FF-45F6-96E0-6BB4CE81C365} = {84D3FB86-3420-473D-8DEE-419AF7BB32F4}
		{1C1D682F-A374-4C56-8E91-8E21BA9785D8} = {84D3FB86-3420-473D-8DEE-419AF7BB32F4}
		{AF81A29C-73F2-4027-AA8C-412B1BF1F0B0} = {84D3FB86-3420-473D-8DEE-419AF7BB32F4}
		{4DBC792A-5206-4C7C-AF9B-AE4EF75B4D30} = {84D3FB86-3420-473D-8DEE-419AF7BB32F4}
		{84D3FB86-3420-473D-8DEE-419AF7BB32F4} = {26606DB2-4232-4A23-84F6-B30DE36E9976}
		{CE281171-5F71-4309-82ED-9491A1190FD4} = {A11BEAA9-85D4-484B-9CAB-2ABF00DF5A4F}
	EndGlobalSection
	GlobalSection(ExtensibilityGlobals) = postSolution
		SolutionGuid = {34F9BEDF-41B9-43F1-968D-410FF96DFF1D}
	EndGlobalSection
	GlobalSection(SubversionScc) = preSolution
		Svn-Managed = True
		Manager = AnkhSVN - Subversion Support for Visual Studio
	EndGlobalSection
EndGlobal
